{
  "name": "main-proj",
  "version": "1.0.0",
  "lockfileVersion": 1,
  "requires": true,
  "dependencies": {
    "a-useless-package": {
      "version": "github:abhijithsreenivas/a-dummy-useless-package#a3daf51cb61c3c2f0c631a3605538e13f9598131",
      "from": "github:abhijithsreenivas/a-dummy-useless-package#master"
    }
  }
}
